
Microsoft Visual Studio Solution File, Format Version 12.00
Project("{FAE04EC0-301F-11D3-BF4B-00C04F79EFBC}") = "Postomat.API", "Postomat.API\Postomat.API.csproj", "{E5CD4D03-59D2-4E54-A766-38FD5D9CD722}"
EndProject
Project("{FAE04EC0-301F-11D3-BF4B-00C04F79EFBC}") = "Postomat.Core", "Postomat.Core\Postomat.Core.csproj", "{CE0776E2-DA80-4C86-8461-CEF91EBB2EE2}"
EndProject
Project("{FAE04EC0-301F-11D3-BF4B-00C04F79EFBC}") = "Postomat.DataAccess", "Postomat.DataAccess\Postomat.DataAccess.csproj", "{1A611500-E83F-4D1C-93F0-990AA925EDBA}"
EndProject
Project("{FAE04EC0-301F-11D3-BF4B-00C04F79EFBC}") = "Postomat.Application", "Postomat.Application\Postomat.Application.csproj", "{BD88D8D3-AE6E-487F-9491-1AE557186B45}"
EndProject
Project("{FAE04EC0-301F-11D3-BF4B-00C04F79EFBC}") = "Postomat.AuthorizationMicroservice", "Postomat.AuthorizationMicroservice\Postomat.AuthorizationMicroservice.csproj", "{57F3929F-5805-4F7A-A15C-9D91801D9037}"
EndProject
Project("{FAE04EC0-301F-11D3-BF4B-00C04F79EFBC}") = "Postomat.LoggingMicroservice", "Postomat.LoggingMicroservice\Postomat.LoggingMicroservice.csproj", "{2DD6E406-32F9-4C7E-AE45-10623E4DC85C}"
EndProject
Global
	GlobalSection(SolutionConfigurationPlatforms) = preSolution
		Debug|Any CPU = Debug|Any CPU
		Release|Any CPU = Release|Any CPU
	EndGlobalSection
	GlobalSection(ProjectConfigurationPlatforms) = postSolution
		{E5CD4D03-59D2-4E54-A766-38FD5D9CD722}.Debug|Any CPU.ActiveCfg = Debug|Any CPU
		{E5CD4D03-59D2-4E54-A766-38FD5D9CD722}.Debug|Any CPU.Build.0 = Debug|Any CPU
		{E5CD4D03-59D2-4E54-A766-38FD5D9CD722}.Release|Any CPU.ActiveCfg = Release|Any CPU
		{E5CD4D03-59D2-4E54-A766-38FD5D9CD722}.Release|Any CPU.Build.0 = Release|Any CPU
		{CE0776E2-DA80-4C86-8461-CEF91EBB2EE2}.Debug|Any CPU.ActiveCfg = Debug|Any CPU
		{CE0776E2-DA80-4C86-8461-CEF91EBB2EE2}.Debug|Any CPU.Build.0 = Debug|Any CPU
		{CE0776E2-DA80-4C86-8461-CEF91EBB2EE2}.Release|Any CPU.ActiveCfg = Release|Any CPU
		{CE0776E2-DA80-4C86-8461-CEF91EBB2EE2}.Release|Any CPU.Build.0 = Release|Any CPU
		{1A611500-E83F-4D1C-93F0-990AA925EDBA}.Debug|Any CPU.ActiveCfg = Debug|Any CPU
		{1A611500-E83F-4D1C-93F0-990AA925EDBA}.Debug|Any CPU.Build.0 = Debug|Any CPU
		{1A611500-E83F-4D1C-93F0-990AA925EDBA}.Release|Any CPU.ActiveCfg = Release|Any CPU
		{1A611500-E83F-4D1C-93F0-990AA925EDBA}.Release|Any CPU.Build.0 = Release|Any CPU
		{BD88D8D3-AE6E-487F-9491-1AE557186B45}.Debug|Any CPU.ActiveCfg = Debug|Any CPU
		{BD88D8D3-AE6E-487F-9491-1AE557186B45}.Debug|Any CPU.Build.0 = Debug|Any CPU
		{BD88D8D3-AE6E-487F-9491-1AE557186B45}.Release|Any CPU.ActiveCfg = Release|Any CPU
		{BD88D8D3-AE6E-487F-9491-1AE557186B45}.Release|Any CPU.Build.0 = Release|Any CPU
		{57F3929F-5805-4F7A-A15C-9D91801D9037}.Debug|Any CPU.ActiveCfg = Debug|Any CPU
		{57F3929F-5805-4F7A-A15C-9D91801D9037}.Debug|Any CPU.Build.0 = Debug|Any CPU
		{57F3929F-5805-4F7A-A15C-9D91801D9037}.Release|Any CPU.ActiveCfg = Release|Any CPU
		{57F3929F-5805-4F7A-A15C-9D91801D9037}.Release|Any CPU.Build.0 = Release|Any CPU
		{2DD6E406-32F9-4C7E-AE45-10623E4DC85C}.Debug|Any CPU.ActiveCfg = Debug|Any CPU
		{2DD6E406-32F9-4C7E-AE45-10623E4DC85C}.Debug|Any CPU.Build.0 = Debug|Any CPU
		{2DD6E406-32F9-4C7E-AE45-10623E4DC85C}.Release|Any CPU.ActiveCfg = Release|Any CPU
		{2DD6E406-32F9-4C7E-AE45-10623E4DC85C}.Release|Any CPU.Build.0 = Release|Any CPU
	EndGlobalSection
EndGlobal
